
Microsoft Visual Studio Solution File, Format Version 11.00
# Visual Studio 2010
Project("{FAE04EC0-301F-11D3-BF4B-00C04F79EFBC}") = "WVCView", "WVCView\WVCView.csproj", "{DCC45377-F78A-4739-A36A-4388ADB13FE7}"
EndProject
Global
	GlobalSection(SolutionConfigurationPlatforms) = preSolution
		Debug|Any CPU = Debug|Any CPU
		Release|Any CPU = Release|Any CPU
	EndGlobalSection
	GlobalSection(ProjectConfigurationPlatforms) = postSolution
		{DCC45377-F78A-4739-A36A-4388ADB13FE7}.Debug|Any CPU.ActiveCfg = Debug|Any CPU
		{DCC45377-F78A-4739-A36A-4388ADB13FE7}.Debug|Any CPU.Build.0 = Debug|Any CPU
		{DCC45377-F78A-4739-A36A-4388ADB13FE7}.Release|Any CPU.ActiveCfg = Release|Any CPU
		{DCC45377-F78A-4739-A36A-4388ADB13FE7}.Release|Any CPU.Build.0 = Release|Any CPU
	EndGlobalSection
	GlobalSection(SolutionProperties) = preSolution
		HideSolutionNode = FALSE
	EndGlobalSection
EndGlobal
